
Microsoft Visual Studio Solution File, Format Version 12.00
# Visual Studio Version 17
VisualStudioVersion = 17.7.34018.315
MinimumVisualStudioVersion = 10.0.40219.1
Project("{FAE04EC0-301F-11D3-BF4B-00C04F79EFBC}") = "Ejercicio29", "Ejercicio29\Ejercicio29.csproj", "{813E02EC-2CD1-4727-9579-EB7FA53D87EE}"
EndProject
Global
	GlobalSection(SolutionConfigurationPlatforms) = preSolution
		Debug|Any CPU = Debug|Any CPU
		Release|Any CPU = Release|Any CPU
	EndGlobalSection
	GlobalSection(ProjectConfigurationPlatforms) = postSolution
		{813E02EC-2CD1-4727-9579-EB7FA53D87EE}.Debug|Any CPU.ActiveCfg = Debug|Any CPU
		{813E02EC-2CD1-4727-9579-EB7FA53D87EE}.Debug|Any CPU.Build.0 = Debug|Any CPU
		{813E02EC-2CD1-4727-9579-EB7FA53D87EE}.Release|Any CPU.ActiveCfg = Release|Any CPU
		{813E02EC-2CD1-4727-9579-EB7FA53D87EE}.Release|Any CPU.Build.0 = Release|Any CPU
	EndGlobalSection
	GlobalSection(SolutionProperties) = preSolution
		HideSolutionNode = FALSE
	EndGlobalSection
	GlobalSection(ExtensibilityGlobals) = postSolution
		SolutionGuid = {4019C443-31EC-43AD-9334-3F97B4E8FFD3}
	EndGlobalSection
EndGlobal
